
Microsoft Visual Studio Solution File, Format Version 12.00
# Visual Studio Version 16
VisualStudioVersion = 16.0.29306.81
MinimumVisualStudioVersion = 10.0.40219.1
Project("{FAE04EC0-301F-11D3-BF4B-00C04F79EFBC}") = "Ejercicio 1", "Ejercicios de arregos\Ejercicio 1.csproj", "{0111775A-55EE-4F38-81BC-786A11361142}"
EndProject
Global
	GlobalSection(SolutionConfigurationPlatforms) = preSolution
		Debug|Any CPU = Debug|Any CPU
		Release|Any CPU = Release|Any CPU
	EndGlobalSection
	GlobalSection(ProjectConfigurationPlatforms) = postSolution
		{0111775A-55EE-4F38-81BC-786A11361142}.Debug|Any CPU.ActiveCfg = Debug|Any CPU
		{0111775A-55EE-4F38-81BC-786A11361142}.Debug|Any CPU.Build.0 = Debug|Any CPU
		{0111775A-55EE-4F38-81BC-786A11361142}.Release|Any CPU.ActiveCfg = Release|Any CPU
		{0111775A-55EE-4F38-81BC-786A11361142}.Release|Any CPU.Build.0 = Release|Any CPU
	EndGlobalSection
	GlobalSection(SolutionProperties) = preSolution
		HideSolutionNode = FALSE
	EndGlobalSection
	GlobalSection(ExtensibilityGlobals) = postSolution
		SolutionGuid = {2E85CF76-F4C6-46A1-8E2C-EE98D180FEE2}
	EndGlobalSection
EndGlobal
