
Microsoft Visual Studio Solution File, Format Version 12.00
# Visual Studio Version 16
VisualStudioVersion = 16.0.29306.81
MinimumVisualStudioVersion = 10.0.40219.1
Project("{9A19103F-16F7-4668-BE54-9A1E7A4F7556}") = "Ejercicio 1", "Ejercicios de arreglos\Ejercicio 1.csproj", "{3196A045-3E26-4A36-BF02-3F49CE32CB32}"
EndProject
Project("{9A19103F-16F7-4668-BE54-9A1E7A4F7556}") = "Ejercicio 2", "Ejercicio 2\Ejercicio 2.csproj", "{DC609BC1-0F6F-4D4A-971C-4BCE042C8020}"
EndProject
Project("{9A19103F-16F7-4668-BE54-9A1E7A4F7556}") = "Ejercicio 3", "Ejercicio 3\Ejercicio 3.csproj", "{3346FABD-CB96-46BE-96CF-7A98DCC62F84}"
EndProject
Project("{9A19103F-16F7-4668-BE54-9A1E7A4F7556}") = "Ejercicio 4", "Ejercicio 4\Ejercicio 4.csproj", "{9F2D5DCA-E20F-4E3A-8A1F-F6A37AB601DA}"
EndProject
Project("{9A19103F-16F7-4668-BE54-9A1E7A4F7556}") = "Ejercicio 5", "Ejercicio 5\Ejercicio 5.csproj", "{7D559CA9-5442-4858-9F8F-AA50B2C18DAF}"
EndProject
Project("{9A19103F-16F7-4668-BE54-9A1E7A4F7556}") = "Ejercicio 30", "Ejercicio 30\Ejercicio 30.csproj", "{18FA6E51-3B26-4272-9D88-CBF3E1F16104}"
EndProject
Project("{9A19103F-16F7-4668-BE54-9A1E7A4F7556}") = "Ejercicio 19", "Ejercicio 10\Ejercicio 19.csproj", "{38C0C5B1-6095-4107-B377-CCDDC3FD1B48}"
EndProject
Project("{9A19103F-16F7-4668-BE54-9A1E7A4F7556}") = "Ejercicio 12", "Ejercicio 12\Ejercicio 12.csproj", "{BE2A3A31-FD87-4EBE-BF4E-CD79E66C6721}"
EndProject
Project("{9A19103F-16F7-4668-BE54-9A1E7A4F7556}") = "Ejercicio 13", "Ejercicio 13\Ejercicio 13.csproj", "{121FF6CE-5189-4588-9FB3-C4D561B45246}"
EndProject
Project("{9A19103F-16F7-4668-BE54-9A1E7A4F7556}") = "Ejercicio 14", "Ejercicio 14\Ejercicio 14.csproj", "{F42CEC15-C74A-4738-A982-F48056F13F3C}"
EndProject
Project("{9A19103F-16F7-4668-BE54-9A1E7A4F7556}") = "Ejercicio 15", "Ejercicio 15\Ejercicio 15.csproj", "{8E25F60B-BAAC-4494-A91D-29A673AB7FB2}"
EndProject
Project("{9A19103F-16F7-4668-BE54-9A1E7A4F7556}") = "Ejercicio 16", "Ejercicio 16\Ejercicio 16.csproj", "{AD95821A-6DE6-49D6-929E-F9EE70C06294}"
EndProject
Project("{9A19103F-16F7-4668-BE54-9A1E7A4F7556}") = "Ejercicio 17", "Ejercicio 17\Ejercicio 17.csproj", "{B78FC059-6755-464E-9EE0-7D81B3B0DA0D}"
EndProject
Project("{9A19103F-16F7-4668-BE54-9A1E7A4F7556}") = "Ejercicio 18", "Ejercicio 18\Ejercicio 18.csproj", "{2EDC632B-8DC0-4792-977B-99AACFC4F9E9}"
EndProject
Project("{9A19103F-16F7-4668-BE54-9A1E7A4F7556}") = "Ejercicio 20", "Ejercicio 20\Ejercicio 20.csproj", "{936A3617-ADD4-41BB-A972-B1B6BABF650C}"
EndProject
Project("{9A19103F-16F7-4668-BE54-9A1E7A4F7556}") = "Ejercicio 21", "Ejercicio 21\Ejercicio 21.csproj", "{ACFD8E37-1C85-4778-8756-A3FA57417306}"
EndProject
Project("{9A19103F-16F7-4668-BE54-9A1E7A4F7556}") = "Ejercicio 22", "Ejercicio 22\Ejercicio 22.csproj", "{27A221B2-521C-4945-B741-252AA2B9545E}"
EndProject
Project("{9A19103F-16F7-4668-BE54-9A1E7A4F7556}") = "Ejercicio 23", "Ejercicio 23\Ejercicio 23.csproj", "{198E25F2-ECFC-46DB-81F9-0B76BA5342CD}"
EndProject
Project("{9A19103F-16F7-4668-BE54-9A1E7A4F7556}") = "Ejercicio 25", "Ejercicio 25\Ejercicio 25.csproj", "{81B3266D-E6DA-49A3-8B69-794DCFD20C1A}"
EndProject
Project("{9A19103F-16F7-4668-BE54-9A1E7A4F7556}") = "Ejercicio 7", "Ejercicio 7\Ejercicio 7.csproj", "{6D4488A2-6109-402E-A665-A520016C0D53}"
EndProject
Project("{9A19103F-16F7-4668-BE54-9A1E7A4F7556}") = "Ejercicio 8", "Ejercicio 8\Ejercicio 8.csproj", "{19079777-329F-4D5E-A627-2C10AE7DDBF0}"
EndProject
Project("{FAE04EC0-301F-11D3-BF4B-00C04F79EFBC}") = "Ejercicio 10", "Ejercicio10\Ejercicio 10.csproj", "{A40C0E95-0574-45CE-82EF-C372EC3447D2}"
EndProject
Project("{FAE04EC0-301F-11D3-BF4B-00C04F79EFBC}") = "Ejercicio 11", "Ejercicio 11\Ejercicio 11.csproj", "{70EAA2F2-58AC-4D0C-8FB0-44A05831B7DB}"
EndProject
Project("{FAE04EC0-301F-11D3-BF4B-00C04F79EFBC}") = "Ejercicio 24", "Ejercicio 24\Ejercicio 24.csproj", "{4F4F2365-DAB1-4318-9E0D-5EFA5911FB4F}"
EndProject
Project("{FAE04EC0-301F-11D3-BF4B-00C04F79EFBC}") = "Ejercicio 6", "Ejercicio 6\Ejercicio 6.csproj", "{1C51DCD1-642E-4159-874D-934DB1AEC9B5}"
EndProject
Project("{FAE04EC0-301F-11D3-BF4B-00C04F79EFBC}") = "Ejercicio 26", "Ejercicio 26\Ejercicio 26.csproj", "{53008CC1-A2E7-4EA3-B17A-2A482DDA4906}"
EndProject
Project("{FAE04EC0-301F-11D3-BF4B-00C04F79EFBC}") = "Ejercicio 27", "Ejercicio 27\Ejercicio 27.csproj", "{8BD44079-E443-42E6-AC4A-08BB52FE6808}"
EndProject
Project("{FAE04EC0-301F-11D3-BF4B-00C04F79EFBC}") = "Ejercicio 28", "Ejercicio 28\Ejercicio 28.csproj", "{D0C8D05C-71C8-4574-BC6E-F139F85D37A3}"
EndProject
Project("{FAE04EC0-301F-11D3-BF4B-00C04F79EFBC}") = "Ejercicio 29", "Ejercicio 29\Ejercicio 29.csproj", "{F79E97F2-5B76-45D6-8C44-1136C043512C}"
EndProject
Project("{FAE04EC0-301F-11D3-BF4B-00C04F79EFBC}") = "Ejercicio 9", "Ejercicio 9\Ejercicio 9.csproj", "{6D5FD800-E353-40DE-8E75-D71F88ED5316}"
EndProject
Global
	GlobalSection(SolutionConfigurationPlatforms) = preSolution
		Debug|Any CPU = Debug|Any CPU
		Release|Any CPU = Release|Any CPU
	EndGlobalSection
	GlobalSection(ProjectConfigurationPlatforms) = postSolution
		{3196A045-3E26-4A36-BF02-3F49CE32CB32}.Debug|Any CPU.ActiveCfg = Debug|Any CPU
		{3196A045-3E26-4A36-BF02-3F49CE32CB32}.Debug|Any CPU.Build.0 = Debug|Any CPU
		{3196A045-3E26-4A36-BF02-3F49CE32CB32}.Release|Any CPU.ActiveCfg = Release|Any CPU
		{3196A045-3E26-4A36-BF02-3F49CE32CB32}.Release|Any CPU.Build.0 = Release|Any CPU
		{DC609BC1-0F6F-4D4A-971C-4BCE042C8020}.Debug|Any CPU.ActiveCfg = Debug|Any CPU
		{DC609BC1-0F6F-4D4A-971C-4BCE042C8020}.Debug|Any CPU.Build.0 = Debug|Any CPU
		{DC609BC1-0F6F-4D4A-971C-4BCE042C8020}.Release|Any CPU.ActiveCfg = Release|Any CPU
		{DC609BC1-0F6F-4D4A-971C-4BCE042C8020}.Release|Any CPU.Build.0 = Release|Any CPU
		{3346FABD-CB96-46BE-96CF-7A98DCC62F84}.Debug|Any CPU.ActiveCfg = Debug|Any CPU
		{3346FABD-CB96-46BE-96CF-7A98DCC62F84}.Debug|Any CPU.Build.0 = Debug|Any CPU
		{3346FABD-CB96-46BE-96CF-7A98DCC62F84}.Release|Any CPU.ActiveCfg = Release|Any CPU
		{3346FABD-CB96-46BE-96CF-7A98DCC62F84}.Release|Any CPU.Build.0 = Release|Any CPU
		{9F2D5DCA-E20F-4E3A-8A1F-F6A37AB601DA}.Debug|Any CPU.ActiveCfg = Debug|Any CPU
		{9F2D5DCA-E20F-4E3A-8A1F-F6A37AB601DA}.Debug|Any CPU.Build.0 = Debug|Any CPU
		{9F2D5DCA-E20F-4E3A-8A1F-F6A37AB601DA}.Release|Any CPU.ActiveCfg = Release|Any CPU
		{9F2D5DCA-E20F-4E3A-8A1F-F6A37AB601DA}.Release|Any CPU.Build.0 = Release|Any CPU
		{7D559CA9-5442-4858-9F8F-AA50B2C18DAF}.Debug|Any CPU.ActiveCfg = Debug|Any CPU
		{7D559CA9-5442-4858-9F8F-AA50B2C18DAF}.Debug|Any CPU.Build.0 = Debug|Any CPU
		{7D559CA9-5442-4858-9F8F-AA50B2C18DAF}.Release|Any CPU.ActiveCfg = Release|Any CPU
		{7D559CA9-5442-4858-9F8F-AA50B2C18DAF}.Release|Any CPU.Build.0 = Release|Any CPU
		{18FA6E51-3B26-4272-9D88-CBF3E1F16104}.Debug|Any CPU.ActiveCfg = Debug|Any CPU
		{18FA6E51-3B26-4272-9D88-CBF3E1F16104}.Debug|Any CPU.Build.0 = Debug|Any CPU
		{18FA6E51-3B26-4272-9D88-CBF3E1F16104}.Release|Any CPU.ActiveCfg = Release|Any CPU
		{18FA6E51-3B26-4272-9D88-CBF3E1F16104}.Release|Any CPU.Build.0 = Release|Any CPU
		{38C0C5B1-6095-4107-B377-CCDDC3FD1B48}.Debug|Any CPU.ActiveCfg = Debug|Any CPU
		{38C0C5B1-6095-4107-B377-CCDDC3FD1B48}.Debug|Any CPU.Build.0 = Debug|Any CPU
		{38C0C5B1-6095-4107-B377-CCDDC3FD1B48}.Release|Any CPU.ActiveCfg = Release|Any CPU
		{38C0C5B1-6095-4107-B377-CCDDC3FD1B48}.Release|Any CPU.Build.0 = Release|Any CPU
		{BE2A3A31-FD87-4EBE-BF4E-CD79E66C6721}.Debug|Any CPU.ActiveCfg = Debug|Any CPU
		{BE2A3A31-FD87-4EBE-BF4E-CD79E66C6721}.Debug|Any CPU.Build.0 = Debug|Any CPU
		{BE2A3A31-FD87-4EBE-BF4E-CD79E66C6721}.Release|Any CPU.ActiveCfg = Release|Any CPU
		{BE2A3A31-FD87-4EBE-BF4E-CD79E66C6721}.Release|Any CPU.Build.0 = Release|Any CPU
		{121FF6CE-5189-4588-9FB3-C4D561B45246}.Debug|Any CPU.ActiveCfg = Debug|Any CPU
		{121FF6CE-5189-4588-9FB3-C4D561B45246}.Debug|Any CPU.Build.0 = Debug|Any CPU
		{121FF6CE-5189-4588-9FB3-C4D561B45246}.Release|Any CPU.ActiveCfg = Release|Any CPU
		{121FF6CE-5189-4588-9FB3-C4D561B45246}.Release|Any CPU.Build.0 = Release|Any CPU
		{F42CEC15-C74A-4738-A982-F48056F13F3C}.Debug|Any CPU.ActiveCfg = Debug|Any CPU
		{F42CEC15-C74A-4738-A982-F48056F13F3C}.Debug|Any CPU.Build.0 = Debug|Any CPU
		{F42CEC15-C74A-4738-A982-F48056F13F3C}.Release|Any CPU.ActiveCfg = Release|Any CPU
		{F42CEC15-C74A-4738-A982-F48056F13F3C}.Release|Any CPU.Build.0 = Release|Any CPU
		{8E25F60B-BAAC-4494-A91D-29A673AB7FB2}.Debug|Any CPU.ActiveCfg = Debug|Any CPU
		{8E25F60B-BAAC-4494-A91D-29A673AB7FB2}.Debug|Any CPU.Build.0 = Debug|Any CPU
		{8E25F60B-BAAC-4494-A91D-29A673AB7FB2}.Release|Any CPU.ActiveCfg = Release|Any CPU
		{8E25F60B-BAAC-4494-A91D-29A673AB7FB2}.Release|Any CPU.Build.0 = Release|Any CPU
		{AD95821A-6DE6-49D6-929E-F9EE70C06294}.Debug|Any CPU.ActiveCfg = Debug|Any CPU
		{AD95821A-6DE6-49D6-929E-F9EE70C06294}.Debug|Any CPU.Build.0 = Debug|Any CPU
		{AD95821A-6DE6-49D6-929E-F9EE70C06294}.Release|Any CPU.ActiveCfg = Release|Any CPU
		{AD95821A-6DE6-49D6-929E-F9EE70C06294}.Release|Any CPU.Build.0 = Release|Any CPU
		{B78FC059-6755-464E-9EE0-7D81B3B0DA0D}.Debug|Any CPU.ActiveCfg = Debug|Any CPU
		{B78FC059-6755-464E-9EE0-7D81B3B0DA0D}.Debug|Any CPU.Build.0 = Debug|Any CPU
		{B78FC059-6755-464E-9EE0-7D81B3B0DA0D}.Release|Any CPU.ActiveCfg = Release|Any CPU
		{B78FC059-6755-464E-9EE0-7D81B3B0DA0D}.Release|Any CPU.Build.0 = Release|Any CPU
		{2EDC632B-8DC0-4792-977B-99AACFC4F9E9}.Debug|Any CPU.ActiveCfg = Debug|Any CPU
		{2EDC632B-8DC0-4792-977B-99AACFC4F9E9}.Debug|Any CPU.Build.0 = Debug|Any CPU
		{2EDC632B-8DC0-4792-977B-99AACFC4F9E9}.Release|Any CPU.ActiveCfg = Release|Any CPU
		{2EDC632B-8DC0-4792-977B-99AACFC4F9E9}.Release|Any CPU.Build.0 = Release|Any CPU
		{936A3617-ADD4-41BB-A972-B1B6BABF650C}.Debug|Any CPU.ActiveCfg = Debug|Any CPU
		{936A3617-ADD4-41BB-A972-B1B6BABF650C}.Debug|Any CPU.Build.0 = Debug|Any CPU
		{936A3617-ADD4-41BB-A972-B1B6BABF650C}.Release|Any CPU.ActiveCfg = Release|Any CPU
		{936A3617-ADD4-41BB-A972-B1B6BABF650C}.Release|Any CPU.Build.0 = Release|Any CPU
		{ACFD8E37-1C85-4778-8756-A3FA57417306}.Debug|Any CPU.ActiveCfg = Debug|Any CPU
		{ACFD8E37-1C85-4778-8756-A3FA57417306}.Debug|Any CPU.Build.0 = Debug|Any CPU
		{ACFD8E37-1C85-4778-8756-A3FA57417306}.Release|Any CPU.ActiveCfg = Release|Any CPU
		{ACFD8E37-1C85-4778-8756-A3FA57417306}.Release|Any CPU.Build.0 = Release|Any CPU
		{27A221B2-521C-4945-B741-252AA2B9545E}.Debug|Any CPU.ActiveCfg = Debug|Any CPU
		{27A221B2-521C-4945-B741-252AA2B9545E}.Debug|Any CPU.Build.0 = Debug|Any CPU
		{27A221B2-521C-4945-B741-252AA2B9545E}.Release|Any CPU.ActiveCfg = Release|Any CPU
		{27A221B2-521C-4945-B741-252AA2B9545E}.Release|Any CPU.Build.0 = Release|Any CPU
		{198E25F2-ECFC-46DB-81F9-0B76BA5342CD}.Debug|Any CPU.ActiveCfg = Debug|Any CPU
		{198E25F2-ECFC-46DB-81F9-0B76BA5342CD}.Debug|Any CPU.Build.0 = Debug|Any CPU
		{198E25F2-ECFC-46DB-81F9-0B76BA5342CD}.Release|Any CPU.ActiveCfg = Release|Any CPU
		{198E25F2-ECFC-46DB-81F9-0B76BA5342CD}.Release|Any CPU.Build.0 = Release|Any CPU
		{81B3266D-E6DA-49A3-8B69-794DCFD20C1A}.Debug|Any CPU.ActiveCfg = Debug|Any CPU
		{81B3266D-E6DA-49A3-8B69-794DCFD20C1A}.Debug|Any CPU.Build.0 = Debug|Any CPU
		{81B3266D-E6DA-49A3-8B69-794DCFD20C1A}.Release|Any CPU.ActiveCfg = Release|Any CPU
		{81B3266D-E6DA-49A3-8B69-794DCFD20C1A}.Release|Any CPU.Build.0 = Release|Any CPU
		{6D4488A2-6109-402E-A665-A520016C0D53}.Debug|Any CPU.ActiveCfg = Debug|Any CPU
		{6D4488A2-6109-402E-A665-A520016C0D53}.Debug|Any CPU.Build.0 = Debug|Any CPU
		{6D4488A2-6109-402E-A665-A520016C0D53}.Release|Any CPU.ActiveCfg = Release|Any CPU
		{6D4488A2-6109-402E-A665-A520016C0D53}.Release|Any CPU.Build.0 = Release|Any CPU
		{19079777-329F-4D5E-A627-2C10AE7DDBF0}.Debug|Any CPU.ActiveCfg = Debug|Any CPU
		{19079777-329F-4D5E-A627-2C10AE7DDBF0}.Debug|Any CPU.Build.0 = Debug|Any CPU
		{19079777-329F-4D5E-A627-2C10AE7DDBF0}.Release|Any CPU.ActiveCfg = Release|Any CPU
		{19079777-329F-4D5E-A627-2C10AE7DDBF0}.Release|Any CPU.Build.0 = Release|Any CPU
		{A40C0E95-0574-45CE-82EF-C372EC3447D2}.Debug|Any CPU.ActiveCfg = Debug|Any CPU
		{A40C0E95-0574-45CE-82EF-C372EC3447D2}.Debug|Any CPU.Build.0 = Debug|Any CPU
		{A40C0E95-0574-45CE-82EF-C372EC3447D2}.Release|Any CPU.ActiveCfg = Release|Any CPU
		{A40C0E95-0574-45CE-82EF-C372EC3447D2}.Release|Any CPU.Build.0 = Release|Any CPU
		{70EAA2F2-58AC-4D0C-8FB0-44A05831B7DB}.Debug|Any CPU.ActiveCfg = Debug|Any CPU
		{70EAA2F2-58AC-4D0C-8FB0-44A05831B7DB}.Debug|Any CPU.Build.0 = Debug|Any CPU
		{70EAA2F2-58AC-4D0C-8FB0-44A05831B7DB}.Release|Any CPU.ActiveCfg = Release|Any CPU
		{70EAA2F2-58AC-4D0C-8FB0-44A05831B7DB}.Release|Any CPU.Build.0 = Release|Any CPU
		{4F4F2365-DAB1-4318-9E0D-5EFA5911FB4F}.Debug|Any CPU.ActiveCfg = Debug|Any CPU
		{4F4F2365-DAB1-4318-9E0D-5EFA5911FB4F}.Debug|Any CPU.Build.0 = Debug|Any CPU
		{4F4F2365-DAB1-4318-9E0D-5EFA5911FB4F}.Release|Any CPU.ActiveCfg = Release|Any CPU
		{4F4F2365-DAB1-4318-9E0D-5EFA5911FB4F}.Release|Any CPU.Build.0 = Release|Any CPU
		{1C51DCD1-642E-4159-874D-934DB1AEC9B5}.Debug|Any CPU.ActiveCfg = Debug|Any CPU
		{1C51DCD1-642E-4159-874D-934DB1AEC9B5}.Debug|Any CPU.Build.0 = Debug|Any CPU
		{1C51DCD1-642E-4159-874D-934DB1AEC9B5}.Release|Any CPU.ActiveCfg = Release|Any CPU
		{1C51DCD1-642E-4159-874D-934DB1AEC9B5}.Release|Any CPU.Build.0 = Release|Any CPU
		{53008CC1-A2E7-4EA3-B17A-2A482DDA4906}.Debug|Any CPU.ActiveCfg = Debug|Any CPU
		{53008CC1-A2E7-4EA3-B17A-2A482DDA4906}.Debug|Any CPU.Build.0 = Debug|Any CPU
		{53008CC1-A2E7-4EA3-B17A-2A482DDA4906}.Release|Any CPU.ActiveCfg = Release|Any CPU
		{53008CC1-A2E7-4EA3-B17A-2A482DDA4906}.Release|Any CPU.Build.0 = Release|Any CPU
		{8BD44079-E443-42E6-AC4A-08BB52FE6808}.Debug|Any CPU.ActiveCfg = Debug|Any CPU
		{8BD44079-E443-42E6-AC4A-08BB52FE6808}.Debug|Any CPU.Build.0 = Debug|Any CPU
		{8BD44079-E443-42E6-AC4A-08BB52FE6808}.Release|Any CPU.ActiveCfg = Release|Any CPU
		{8BD44079-E443-42E6-AC4A-08BB52FE6808}.Release|Any CPU.Build.0 = Release|Any CPU
		{D0C8D05C-71C8-4574-BC6E-F139F85D37A3}.Debug|Any CPU.ActiveCfg = Debug|Any CPU
		{D0C8D05C-71C8-4574-BC6E-F139F85D37A3}.Debug|Any CPU.Build.0 = Debug|Any CPU
		{D0C8D05C-71C8-4574-BC6E-F139F85D37A3}.Release|Any CPU.ActiveCfg = Release|Any CPU
		{D0C8D05C-71C8-4574-BC6E-F139F85D37A3}.Release|Any CPU.Build.0 = Release|Any CPU
		{F79E97F2-5B76-45D6-8C44-1136C043512C}.Debug|Any CPU.ActiveCfg = Debug|Any CPU
		{F79E97F2-5B76-45D6-8C44-1136C043512C}.Debug|Any CPU.Build.0 = Debug|Any CPU
		{F79E97F2-5B76-45D6-8C44-1136C043512C}.Release|Any CPU.ActiveCfg = Release|Any CPU
		{F79E97F2-5B76-45D6-8C44-1136C043512C}.Release|Any CPU.Build.0 = Release|Any CPU
		{6D5FD800-E353-40DE-8E75-D71F88ED5316}.Debug|Any CPU.ActiveCfg = Debug|Any CPU
		{6D5FD800-E353-40DE-8E75-D71F88ED5316}.Debug|Any CPU.Build.0 = Debug|Any CPU
		{6D5FD800-E353-40DE-8E75-D71F88ED5316}.Release|Any CPU.ActiveCfg = Release|Any CPU
		{6D5FD800-E353-40DE-8E75-D71F88ED5316}.Release|Any CPU.Build.0 = Release|Any CPU
	EndGlobalSection
	GlobalSection(SolutionProperties) = preSolution
		HideSolutionNode = FALSE
	EndGlobalSection
	GlobalSection(ExtensibilityGlobals) = postSolution
		SolutionGuid = {2E85CF76-F4C6-46A1-8E2C-EE98D180FEE2}
	EndGlobalSection
EndGlobal
